
Microsoft Visual Studio Solution File, Format Version 12.00
# Visual Studio Version 16
VisualStudioVersion = 16.0.30907.101
MinimumVisualStudioVersion = 10.0.40219.1
Project("{FAE04EC0-301F-11D3-BF4B-00C04F79EFBC}") = "DataAccess", "DataAccess\DataAccess.csproj", "{CF7BF817-7707-4A80-96A5-16733349961E}"
EndProject
Project("{FAE04EC0-301F-11D3-BF4B-00C04F79EFBC}") = "Business", "Business\Business.csproj", "{F075A01C-8CAF-405F-B0D1-4CC884FDC7C4}"
EndProject
Project("{FAE04EC0-301F-11D3-BF4B-00C04F79EFBC}") = "Entities", "Entities\Entities.csproj", "{226D3D98-B004-4230-B242-8C50B2421F9B}"
EndProject
Project("{FAE04EC0-301F-11D3-BF4B-00C04F79EFBC}") = "WebAPI", "WebAPI\WebAPI.csproj", "{3469CFC5-67E0-4D61-989F-928556C5D3EA}"
EndProject
Project("{FAE04EC0-301F-11D3-BF4B-00C04F79EFBC}") = "Core", "Core\Core.csproj", "{EA7A20AE-4B3D-4558-BBFB-6195CCBBDB4B}"
EndProject
Global
	GlobalSection(SolutionConfigurationPlatforms) = preSolution
		Debug|Any CPU = Debug|Any CPU
		Release|Any CPU = Release|Any CPU
	EndGlobalSection
	GlobalSection(ProjectConfigurationPlatforms) = postSolution
		{CF7BF817-7707-4A80-96A5-16733349961E}.Debug|Any CPU.ActiveCfg = Debug|Any CPU
		{CF7BF817-7707-4A80-96A5-16733349961E}.Debug|Any CPU.Build.0 = Debug|Any CPU
		{CF7BF817-7707-4A80-96A5-16733349961E}.Release|Any CPU.ActiveCfg = Release|Any CPU
		{CF7BF817-7707-4A80-96A5-16733349961E}.Release|Any CPU.Build.0 = Release|Any CPU
		{F075A01C-8CAF-405F-B0D1-4CC884FDC7C4}.Debug|Any CPU.ActiveCfg = Debug|Any CPU
		{F075A01C-8CAF-405F-B0D1-4CC884FDC7C4}.Debug|Any CPU.Build.0 = Debug|Any CPU
		{F075A01C-8CAF-405F-B0D1-4CC884FDC7C4}.Release|Any CPU.ActiveCfg = Release|Any CPU
		{F075A01C-8CAF-405F-B0D1-4CC884FDC7C4}.Release|Any CPU.Build.0 = Release|Any CPU
		{226D3D98-B004-4230-B242-8C50B2421F9B}.Debug|Any CPU.ActiveCfg = Debug|Any CPU
		{226D3D98-B004-4230-B242-8C50B2421F9B}.Debug|Any CPU.Build.0 = Debug|Any CPU
		{226D3D98-B004-4230-B242-8C50B2421F9B}.Release|Any CPU.ActiveCfg = Release|Any CPU
		{226D3D98-B004-4230-B242-8C50B2421F9B}.Release|Any CPU.Build.0 = Release|Any CPU
		{3469CFC5-67E0-4D61-989F-928556C5D3EA}.Debug|Any CPU.ActiveCfg = Debug|Any CPU
		{3469CFC5-67E0-4D61-989F-928556C5D3EA}.Debug|Any CPU.Build.0 = Debug|Any CPU
		{3469CFC5-67E0-4D61-989F-928556C5D3EA}.Release|Any CPU.ActiveCfg = Release|Any CPU
		{3469CFC5-67E0-4D61-989F-928556C5D3EA}.Release|Any CPU.Build.0 = Release|Any CPU
		{EA7A20AE-4B3D-4558-BBFB-6195CCBBDB4B}.Debug|Any CPU.ActiveCfg = Debug|Any CPU
		{EA7A20AE-4B3D-4558-BBFB-6195CCBBDB4B}.Debug|Any CPU.Build.0 = Debug|Any CPU
		{EA7A20AE-4B3D-4558-BBFB-6195CCBBDB4B}.Release|Any CPU.ActiveCfg = Release|Any CPU
		{EA7A20AE-4B3D-4558-BBFB-6195CCBBDB4B}.Release|Any CPU.Build.0 = Release|Any CPU
	EndGlobalSection
	GlobalSection(SolutionProperties) = preSolution
		HideSolutionNode = FALSE
	EndGlobalSection
	GlobalSection(ExtensibilityGlobals) = postSolution
		SolutionGuid = {2CEBE903-5AB8-4E93-AF4E-86D0A3391FBD}
	EndGlobalSection
EndGlobal
